PODS:
  - ar_dispatch (1.0.0)
  - Expecta (0.3.1)
  - Specta (0.2.1)

DEPENDENCIES:
  - ar_dispatch (from `../`)
  - Expecta
  - Specta (~> 0.2.1)

EXTERNAL SOURCES:
  ar_dispatch:
    :path: ../

SPEC CHECKSUMS:
  ar_dispatch: 790f819e82c720c021a4d08caa6e6410185f76f7
  Expecta: 03aabd0a89d8dea843baecb19a7fd7466a69a31d
  Specta: 9141310f46b1f68b676650ff2854e1ed0b74163a

COCOAPODS: 0.35.0
